
Microsoft Visual Studio Solution File, Format Version 12.00
# Visual Studio Version 16
VisualStudioVersion = 16.0.30320.27
MinimumVisualStudioVersion = 10.0.40219.1
Project("{FAE04EC0-301F-11D3-BF4B-00C04F79EFBC}") = "TablesControl", "TablesControl\TablesControl.csproj", "{A740B6C8-7162-4661-99BF-A2BD226F3239}"
EndProject
Global
	GlobalSection(SolutionConfigurationPlatforms) = preSolution
		Debug|Any CPU = Debug|Any CPU
		Release|Any CPU = Release|Any CPU
	EndGlobalSection
	GlobalSection(ProjectConfigurationPlatforms) = postSolution
		{A740B6C8-7162-4661-99BF-A2BD226F3239}.Debug|Any CPU.ActiveCfg = Debug|Any CPU
		{A740B6C8-7162-4661-99BF-A2BD226F3239}.Debug|Any CPU.Build.0 = Debug|Any CPU
		{A740B6C8-7162-4661-99BF-A2BD226F3239}.Release|Any CPU.ActiveCfg = Release|Any CPU
		{A740B6C8-7162-4661-99BF-A2BD226F3239}.Release|Any CPU.Build.0 = Release|Any CPU
	EndGlobalSection
	GlobalSection(SolutionProperties) = preSolution
		HideSolutionNode = FALSE
	EndGlobalSection
	GlobalSection(ExtensibilityGlobals) = postSolution
		SolutionGuid = {3A20B0EE-8B2E-44D3-BB8D-D0B5C4685D9F}
	EndGlobalSection
EndGlobal
